
Microsoft Visual Studio Solution File, Format Version 12.00
# Visual Studio Version 17
VisualStudioVersion = 17.6.33723.286
MinimumVisualStudioVersion = 10.0.40219.1
Project("{9A19103F-16F7-4668-BE54-9A1E7A4F7556}") = "Theta.XSPOC.Apex.Api", "Theta.XSPOC.Apex.Api\Theta.XSPOC.Apex.Api.csproj", "{F96721E0-D505-45B5-98B8-BBBE34982388}"
EndProject
Project("{9A19103F-16F7-4668-BE54-9A1E7A4F7556}") = "Theta.XSPOC.Apex.Api.Core", "Theta.XSPOC.Apex.Api.Core\Theta.XSPOC.Apex.Api.Core.csproj", "{6C9EBA49-DE23-42F6-94F4-84BF930D13D7}"
EndProject
Project("{2150E333-8FDC-42A3-9474-1A3956D46DE8}") = "Tests", "Tests", "{027EC8DD-0B9D-43B6-9D58-A9F3F0AD25D2}"
EndProject
Project("{2150E333-8FDC-42A3-9474-1A3956D46DE8}") = "Source", "Source", "{DECD331B-38D7-4085-AD67-499044FF8796}"
EndProject
Project("{9A19103F-16F7-4668-BE54-9A1E7A4F7556}") = "Theta.XSPOC.Apex.Api.Data", "Theta.XSPOC.Apex.Api.Data\Theta.XSPOC.Apex.Api.Data.csproj", "{CA917200-615B-40CA-BB8C-5ED52F9E9978}"
EndProject
Project("{9A19103F-16F7-4668-BE54-9A1E7A4F7556}") = "Theta.XSPOC.Apex.Api.Data.Sql", "Theta.XSPOC.Apex.Api.Data.Sql\Theta.XSPOC.Apex.Api.Data.Sql.csproj", "{63F3BBE7-B2AE-473A-8FD8-4FAB22A1435F}"
EndProject
Project("{9A19103F-16F7-4668-BE54-9A1E7A4F7556}") = "Theta.XSPOC.Apex.Api.Data.Entity", "Theta.XSPOC.Apex.API.Data.Entity\Theta.XSPOC.Apex.Api.Data.Entity.csproj", "{5654DD00-6D44-4FE5-B78E-339E7F08791C}"
EndProject
Project("{9A19103F-16F7-4668-BE54-9A1E7A4F7556}") = "Theta.XSPOC.Apex.Api.Tests", "Theta.XSPOC.Apex.Api.Tests\Theta.XSPOC.Apex.Api.Tests.csproj", "{5DA428E2-11AC-44B5-906A-412DF162F446}"
EndProject
Project("{9A19103F-16F7-4668-BE54-9A1E7A4F7556}") = "Theta.XSPOC.Apex.Api.Core.Tests", "Theta.XSPOC.Apex.Api.Core.Tests\Theta.XSPOC.Apex.Api.Core.Tests.csproj", "{DFDF421D-58A0-439D-83AE-7E3BC53F9476}"
EndProject
Project("{9A19103F-16F7-4668-BE54-9A1E7A4F7556}") = "Theta.XSPOC.Apex.Api.Data.Tests", "Theta.XSPOC.Apex.Api.Data.Tests\Theta.XSPOC.Apex.Api.Data.Tests.csproj", "{85FDE30D-43F7-4CDA-AC1F-120912A38A6E}"
EndProject
Project("{9A19103F-16F7-4668-BE54-9A1E7A4F7556}") = "Theta.XSPOC.Apex.Api.Data.Sql.Tests", "Theta.XSPOC.Apex.Api.Data.Sql.Tests\Theta.XSPOC.Apex.Api.Data.Sql.Tests.csproj", "{8F44258B-589E-4C2F-BA85-6375868B3B67}"
EndProject
Project("{2150E333-8FDC-42A3-9474-1A3956D46DE8}") = "Solution Items", "Solution Items", "{9EAB0E51-36AE-4454-8517-70DC2C988ADE}"
	ProjectSection(SolutionItems) = preProject
		AutomatedTests.txt = AutomatedTests.txt
	EndProjectSection
EndProject
Project("{E53339B2-1760-4266-BCC7-CA923CBCF16C}") = "docker-compose", "docker-compose.dcproj", "{1CFE5F11-EF90-4FF8-9641-E4DAE22621C1}"
EndProject
Project("{9A19103F-16F7-4668-BE54-9A1E7A4F7556}") = "Theta.XSPOC.Apex.Api.WellControl", "Theta.XSPOC.Apex.Api.WellControl\Theta.XSPOC.Apex.Api.WellControl.csproj", "{EFAB53E8-8531-4C4B-878A-1DE3FC17CC79}"
EndProject
Project("{9A19103F-16F7-4668-BE54-9A1E7A4F7556}") = "Theta.XSPOC.Apex.Api.WellControl.Test", "Theta.XSPOC.Apex.Api.WellControl.Test\Theta.XSPOC.Apex.Api.WellControl.Test.csproj", "{0FCFDCB8-C3E5-4D37-B573-87C1727C4768}"
EndProject
Project("{9A19103F-16F7-4668-BE54-9A1E7A4F7556}") = "Theta.XSPOC.Apex.Api.Common", "Theta.XSPOC.Apex.Api.Common\Theta.XSPOC.Apex.Api.Common.csproj", "{1C8EC056-F698-463F-8CF1-7A00C20090AB}"
EndProject
Project("{9A19103F-16F7-4668-BE54-9A1E7A4F7556}") = "Theta.XSPOC.Apex.Api.Setpoint", "Theta.XSPOC.Apex.Api.Setpoint\Theta.XSPOC.Apex.Api.Setpoint.csproj", "{2E2BA54C-CFD6-4B70-9A26-9654E311E17B}"
EndProject
Project("{9A19103F-16F7-4668-BE54-9A1E7A4F7556}") = "Theta.XSPOC.Apex.Api.Setpoint.Test", "Theta.XSPOC.Apex.Api.Setpoint.Test\Theta.XSPOC.Apex.Api.Setpoint.Test.csproj", "{9020369E-D251-4FAF-8DE3-E93D4B616FF2}"
EndProject
Project("{9A19103F-16F7-4668-BE54-9A1E7A4F7556}") = "Theta.XSPOC.Apex.Api.Common.Tests", "Theta.XSPOC.Apex.Api.Common.Tests\Theta.XSPOC.Apex.Api.Common.Tests.csproj", "{BFB38370-E840-4854-A49C-8C922BEB743A}"
EndProject
Project("{9A19103F-16F7-4668-BE54-9A1E7A4F7556}") = "Theta.XSPOC.Apex.Api.Data.Mongo", "Theta.XSPOC.Apex.Api.Data.Mongo\Theta.XSPOC.Apex.Api.Data.Mongo.csproj", "{059F3B21-9E0B-4F68-983F-81B8F3F2D6B9}"
EndProject
Project("{9A19103F-16F7-4668-BE54-9A1E7A4F7556}") = "Theta.XSPOC.Apex.Api.Data.Mongo.Tests", "Theta.XSPOC.Apex.Api.Data.Mongo.Tests\Theta.XSPOC.Apex.Api.Data.Mongo.Tests.csproj", "{33544CF8-F2EA-490C-84D6-B30785D7D831}"
EndProject
Project("{9A19103F-16F7-4668-BE54-9A1E7A4F7556}") = "Theta.XSPOC.Apex.Api.Data.Influx", "Theta.XSPOC.Apex.Api.Data.Influx\Theta.XSPOC.Apex.Api.Data.Influx.csproj", "{CA0ED41C-6F83-4F31-B506-C68E721279B8}"
EndProject
Project("{9A19103F-16F7-4668-BE54-9A1E7A4F7556}") = "Theta.XSPOC.Apex.Api.Data.Influx.Tests", "Theta.XSPOC.Apex.Api.Data.Influx.Tests\Theta.XSPOC.Apex.Api.Data.Influx.Tests.csproj", "{796E672C-2AA5-448E-A037-DCC252897C93}"
EndProject
Project("{9A19103F-16F7-4668-BE54-9A1E7A4F7556}") = "Theta.XSPOC.Apex.Api.Users", "Theta.XSPOC.Apex.Api.Users\Theta.XSPOC.Apex.Api.Users.csproj", "{83141970-E8F4-4F08-89BD-45A3BB6BCB40}"
EndProject
Project("{9A19103F-16F7-4668-BE54-9A1E7A4F7556}") = "Theta.XSPOC.Apex.Api.Users.Tests", "Theta.XSPOC.Apex.Api.Users.Tests\Theta.XSPOC.Apex.Api.Users.Tests.csproj", "{93680F82-5407-4F7B-B2AE-F2DBE3B18A0E}"
EndProject
Project("{9A19103F-16F7-4668-BE54-9A1E7A4F7556}") = "Theta.XSPOC.Apex.Api.Authorization", "Theta.XSPOC.Apex.Api.Authorization\Theta.XSPOC.Apex.Api.Authorization.csproj", "{9FD17D1B-CBAC-4C53-B3FC-F893AD574E8F}"
EndProject
Project("{FAE04EC0-301F-11D3-BF4B-00C04F79EFBC}") = "Theta.XSPOC.Apex.Api.RealTimeData", "Theta.XSPOC.Apex.Api.RealTimeData\Theta.XSPOC.Apex.Api.RealTimeData.csproj", "{5A4D41D5-21AE-49ED-81B1-F46C809B9ABE}"
EndProject
Global
	GlobalSection(SolutionConfigurationPlatforms) = preSolution
		Debug|Any CPU = Debug|Any CPU
		Release|Any CPU = Release|Any CPU
	EndGlobalSection
	GlobalSection(ProjectConfigurationPlatforms) = postSolution
		{F96721E0-D505-45B5-98B8-BBBE34982388}.Debug|Any CPU.ActiveCfg = Debug|Any CPU
		{F96721E0-D505-45B5-98B8-BBBE34982388}.Debug|Any CPU.Build.0 = Debug|Any CPU
		{F96721E0-D505-45B5-98B8-BBBE34982388}.Release|Any CPU.ActiveCfg = Release|Any CPU
		{F96721E0-D505-45B5-98B8-BBBE34982388}.Release|Any CPU.Build.0 = Release|Any CPU
		{6C9EBA49-DE23-42F6-94F4-84BF930D13D7}.Debug|Any CPU.ActiveCfg = Debug|Any CPU
		{6C9EBA49-DE23-42F6-94F4-84BF930D13D7}.Debug|Any CPU.Build.0 = Debug|Any CPU
		{6C9EBA49-DE23-42F6-94F4-84BF930D13D7}.Release|Any CPU.ActiveCfg = Release|Any CPU
		{6C9EBA49-DE23-42F6-94F4-84BF930D13D7}.Release|Any CPU.Build.0 = Release|Any CPU
		{CA917200-615B-40CA-BB8C-5ED52F9E9978}.Debug|Any CPU.ActiveCfg = Debug|Any CPU
		{CA917200-615B-40CA-BB8C-5ED52F9E9978}.Debug|Any CPU.Build.0 = Debug|Any CPU
		{CA917200-615B-40CA-BB8C-5ED52F9E9978}.Release|Any CPU.ActiveCfg = Release|Any CPU
		{CA917200-615B-40CA-BB8C-5ED52F9E9978}.Release|Any CPU.Build.0 = Release|Any CPU
		{63F3BBE7-B2AE-473A-8FD8-4FAB22A1435F}.Debug|Any CPU.ActiveCfg = Debug|Any CPU
		{63F3BBE7-B2AE-473A-8FD8-4FAB22A1435F}.Debug|Any CPU.Build.0 = Debug|Any CPU
		{63F3BBE7-B2AE-473A-8FD8-4FAB22A1435F}.Release|Any CPU.ActiveCfg = Release|Any CPU
		{63F3BBE7-B2AE-473A-8FD8-4FAB22A1435F}.Release|Any CPU.Build.0 = Release|Any CPU
		{5654DD00-6D44-4FE5-B78E-339E7F08791C}.Debug|Any CPU.ActiveCfg = Debug|Any CPU
		{5654DD00-6D44-4FE5-B78E-339E7F08791C}.Debug|Any CPU.Build.0 = Debug|Any CPU
		{5654DD00-6D44-4FE5-B78E-339E7F08791C}.Release|Any CPU.ActiveCfg = Release|Any CPU
		{5654DD00-6D44-4FE5-B78E-339E7F08791C}.Release|Any CPU.Build.0 = Release|Any CPU
		{5DA428E2-11AC-44B5-906A-412DF162F446}.Debug|Any CPU.ActiveCfg = Debug|Any CPU
		{5DA428E2-11AC-44B5-906A-412DF162F446}.Debug|Any CPU.Build.0 = Debug|Any CPU
		{5DA428E2-11AC-44B5-906A-412DF162F446}.Release|Any CPU.ActiveCfg = Release|Any CPU
		{5DA428E2-11AC-44B5-906A-412DF162F446}.Release|Any CPU.Build.0 = Release|Any CPU
		{DFDF421D-58A0-439D-83AE-7E3BC53F9476}.Debug|Any CPU.ActiveCfg = Debug|Any CPU
		{DFDF421D-58A0-439D-83AE-7E3BC53F9476}.Debug|Any CPU.Build.0 = Debug|Any CPU
		{DFDF421D-58A0-439D-83AE-7E3BC53F9476}.Release|Any CPU.ActiveCfg = Release|Any CPU
		{DFDF421D-58A0-439D-83AE-7E3BC53F9476}.Release|Any CPU.Build.0 = Release|Any CPU
		{85FDE30D-43F7-4CDA-AC1F-120912A38A6E}.Debug|Any CPU.ActiveCfg = Debug|Any CPU
		{85FDE30D-43F7-4CDA-AC1F-120912A38A6E}.Debug|Any CPU.Build.0 = Debug|Any CPU
		{85FDE30D-43F7-4CDA-AC1F-120912A38A6E}.Release|Any CPU.ActiveCfg = Release|Any CPU
		{85FDE30D-43F7-4CDA-AC1F-120912A38A6E}.Release|Any CPU.Build.0 = Release|Any CPU
		{8F44258B-589E-4C2F-BA85-6375868B3B67}.Debug|Any CPU.ActiveCfg = Debug|Any CPU
		{8F44258B-589E-4C2F-BA85-6375868B3B67}.Debug|Any CPU.Build.0 = Debug|Any CPU
		{8F44258B-589E-4C2F-BA85-6375868B3B67}.Release|Any CPU.ActiveCfg = Release|Any CPU
		{8F44258B-589E-4C2F-BA85-6375868B3B67}.Release|Any CPU.Build.0 = Release|Any CPU
		{1CFE5F11-EF90-4FF8-9641-E4DAE22621C1}.Debug|Any CPU.ActiveCfg = Debug|Any CPU
		{1CFE5F11-EF90-4FF8-9641-E4DAE22621C1}.Debug|Any CPU.Build.0 = Debug|Any CPU
		{1CFE5F11-EF90-4FF8-9641-E4DAE22621C1}.Release|Any CPU.ActiveCfg = Release|Any CPU
		{1CFE5F11-EF90-4FF8-9641-E4DAE22621C1}.Release|Any CPU.Build.0 = Release|Any CPU
		{EFAB53E8-8531-4C4B-878A-1DE3FC17CC79}.Debug|Any CPU.ActiveCfg = Debug|Any CPU
		{EFAB53E8-8531-4C4B-878A-1DE3FC17CC79}.Debug|Any CPU.Build.0 = Debug|Any CPU
		{EFAB53E8-8531-4C4B-878A-1DE3FC17CC79}.Release|Any CPU.ActiveCfg = Release|Any CPU
		{EFAB53E8-8531-4C4B-878A-1DE3FC17CC79}.Release|Any CPU.Build.0 = Release|Any CPU
		{0FCFDCB8-C3E5-4D37-B573-87C1727C4768}.Debug|Any CPU.ActiveCfg = Debug|Any CPU
		{0FCFDCB8-C3E5-4D37-B573-87C1727C4768}.Debug|Any CPU.Build.0 = Debug|Any CPU
		{0FCFDCB8-C3E5-4D37-B573-87C1727C4768}.Release|Any CPU.ActiveCfg = Release|Any CPU
		{0FCFDCB8-C3E5-4D37-B573-87C1727C4768}.Release|Any CPU.Build.0 = Release|Any CPU
		{1C8EC056-F698-463F-8CF1-7A00C20090AB}.Debug|Any CPU.ActiveCfg = Debug|Any CPU
		{1C8EC056-F698-463F-8CF1-7A00C20090AB}.Debug|Any CPU.Build.0 = Debug|Any CPU
		{1C8EC056-F698-463F-8CF1-7A00C20090AB}.Release|Any CPU.ActiveCfg = Release|Any CPU
		{1C8EC056-F698-463F-8CF1-7A00C20090AB}.Release|Any CPU.Build.0 = Release|Any CPU
		{2E2BA54C-CFD6-4B70-9A26-9654E311E17B}.Debug|Any CPU.ActiveCfg = Debug|Any CPU
		{2E2BA54C-CFD6-4B70-9A26-9654E311E17B}.Debug|Any CPU.Build.0 = Debug|Any CPU
		{2E2BA54C-CFD6-4B70-9A26-9654E311E17B}.Release|Any CPU.ActiveCfg = Release|Any CPU
		{2E2BA54C-CFD6-4B70-9A26-9654E311E17B}.Release|Any CPU.Build.0 = Release|Any CPU
		{9020369E-D251-4FAF-8DE3-E93D4B616FF2}.Debug|Any CPU.ActiveCfg = Debug|Any CPU
		{9020369E-D251-4FAF-8DE3-E93D4B616FF2}.Debug|Any CPU.Build.0 = Debug|Any CPU
		{9020369E-D251-4FAF-8DE3-E93D4B616FF2}.Release|Any CPU.ActiveCfg = Release|Any CPU
		{9020369E-D251-4FAF-8DE3-E93D4B616FF2}.Release|Any CPU.Build.0 = Release|Any CPU
		{BFB38370-E840-4854-A49C-8C922BEB743A}.Debug|Any CPU.ActiveCfg = Debug|Any CPU
		{BFB38370-E840-4854-A49C-8C922BEB743A}.Debug|Any CPU.Build.0 = Debug|Any CPU
		{BFB38370-E840-4854-A49C-8C922BEB743A}.Release|Any CPU.ActiveCfg = Release|Any CPU
		{BFB38370-E840-4854-A49C-8C922BEB743A}.Release|Any CPU.Build.0 = Release|Any CPU
		{059F3B21-9E0B-4F68-983F-81B8F3F2D6B9}.Debug|Any CPU.ActiveCfg = Debug|Any CPU
		{059F3B21-9E0B-4F68-983F-81B8F3F2D6B9}.Debug|Any CPU.Build.0 = Debug|Any CPU
		{059F3B21-9E0B-4F68-983F-81B8F3F2D6B9}.Release|Any CPU.ActiveCfg = Release|Any CPU
		{059F3B21-9E0B-4F68-983F-81B8F3F2D6B9}.Release|Any CPU.Build.0 = Release|Any CPU
		{33544CF8-F2EA-490C-84D6-B30785D7D831}.Debug|Any CPU.ActiveCfg = Debug|Any CPU
		{33544CF8-F2EA-490C-84D6-B30785D7D831}.Debug|Any CPU.Build.0 = Debug|Any CPU
		{33544CF8-F2EA-490C-84D6-B30785D7D831}.Release|Any CPU.ActiveCfg = Release|Any CPU
		{33544CF8-F2EA-490C-84D6-B30785D7D831}.Release|Any CPU.Build.0 = Release|Any CPU
		{CA0ED41C-6F83-4F31-B506-C68E721279B8}.Debug|Any CPU.ActiveCfg = Debug|Any CPU
		{CA0ED41C-6F83-4F31-B506-C68E721279B8}.Debug|Any CPU.Build.0 = Debug|Any CPU
		{CA0ED41C-6F83-4F31-B506-C68E721279B8}.Release|Any CPU.ActiveCfg = Release|Any CPU
		{CA0ED41C-6F83-4F31-B506-C68E721279B8}.Release|Any CPU.Build.0 = Release|Any CPU
		{796E672C-2AA5-448E-A037-DCC252897C93}.Debug|Any CPU.ActiveCfg = Debug|Any CPU
		{796E672C-2AA5-448E-A037-DCC252897C93}.Debug|Any CPU.Build.0 = Debug|Any CPU
		{796E672C-2AA5-448E-A037-DCC252897C93}.Release|Any CPU.ActiveCfg = Release|Any CPU
		{796E672C-2AA5-448E-A037-DCC252897C93}.Release|Any CPU.Build.0 = Release|Any CPU
		{83141970-E8F4-4F08-89BD-45A3BB6BCB40}.Debug|Any CPU.ActiveCfg = Debug|Any CPU
		{83141970-E8F4-4F08-89BD-45A3BB6BCB40}.Debug|Any CPU.Build.0 = Debug|Any CPU
		{83141970-E8F4-4F08-89BD-45A3BB6BCB40}.Release|Any CPU.ActiveCfg = Release|Any CPU
		{83141970-E8F4-4F08-89BD-45A3BB6BCB40}.Release|Any CPU.Build.0 = Release|Any CPU
		{93680F82-5407-4F7B-B2AE-F2DBE3B18A0E}.Debug|Any CPU.ActiveCfg = Debug|Any CPU
		{93680F82-5407-4F7B-B2AE-F2DBE3B18A0E}.Debug|Any CPU.Build.0 = Debug|Any CPU
		{93680F82-5407-4F7B-B2AE-F2DBE3B18A0E}.Release|Any CPU.ActiveCfg = Release|Any CPU
		{93680F82-5407-4F7B-B2AE-F2DBE3B18A0E}.Release|Any CPU.Build.0 = Release|Any CPU
		{9FD17D1B-CBAC-4C53-B3FC-F893AD574E8F}.Debug|Any CPU.ActiveCfg = Debug|Any CPU
		{9FD17D1B-CBAC-4C53-B3FC-F893AD574E8F}.Debug|Any CPU.Build.0 = Debug|Any CPU
		{9FD17D1B-CBAC-4C53-B3FC-F893AD574E8F}.Release|Any CPU.ActiveCfg = Release|Any CPU
		{9FD17D1B-CBAC-4C53-B3FC-F893AD574E8F}.Release|Any CPU.Build.0 = Release|Any CPU
		{5A4D41D5-21AE-49ED-81B1-F46C809B9ABE}.Debug|Any CPU.ActiveCfg = Debug|Any CPU
		{5A4D41D5-21AE-49ED-81B1-F46C809B9ABE}.Debug|Any CPU.Build.0 = Debug|Any CPU
		{5A4D41D5-21AE-49ED-81B1-F46C809B9ABE}.Release|Any CPU.ActiveCfg = Release|Any CPU
		{5A4D41D5-21AE-49ED-81B1-F46C809B9ABE}.Release|Any CPU.Build.0 = Release|Any CPU
	EndGlobalSection
	GlobalSection(SolutionProperties) = preSolution
		HideSolutionNode = FALSE
	EndGlobalSection
	GlobalSection(NestedProjects) = preSolution
		{F96721E0-D505-45B5-98B8-BBBE34982388} = {DECD331B-38D7-4085-AD67-499044FF8796}
		{6C9EBA49-DE23-42F6-94F4-84BF930D13D7} = {DECD331B-38D7-4085-AD67-499044FF8796}
		{CA917200-615B-40CA-BB8C-5ED52F9E9978} = {DECD331B-38D7-4085-AD67-499044FF8796}
		{63F3BBE7-B2AE-473A-8FD8-4FAB22A1435F} = {DECD331B-38D7-4085-AD67-499044FF8796}
		{5654DD00-6D44-4FE5-B78E-339E7F08791C} = {DECD331B-38D7-4085-AD67-499044FF8796}
		{5DA428E2-11AC-44B5-906A-412DF162F446} = {027EC8DD-0B9D-43B6-9D58-A9F3F0AD25D2}
		{DFDF421D-58A0-439D-83AE-7E3BC53F9476} = {027EC8DD-0B9D-43B6-9D58-A9F3F0AD25D2}
		{85FDE30D-43F7-4CDA-AC1F-120912A38A6E} = {027EC8DD-0B9D-43B6-9D58-A9F3F0AD25D2}
		{8F44258B-589E-4C2F-BA85-6375868B3B67} = {027EC8DD-0B9D-43B6-9D58-A9F3F0AD25D2}
		{EFAB53E8-8531-4C4B-878A-1DE3FC17CC79} = {DECD331B-38D7-4085-AD67-499044FF8796}
		{0FCFDCB8-C3E5-4D37-B573-87C1727C4768} = {027EC8DD-0B9D-43B6-9D58-A9F3F0AD25D2}
		{1C8EC056-F698-463F-8CF1-7A00C20090AB} = {DECD331B-38D7-4085-AD67-499044FF8796}
		{2E2BA54C-CFD6-4B70-9A26-9654E311E17B} = {DECD331B-38D7-4085-AD67-499044FF8796}
		{9020369E-D251-4FAF-8DE3-E93D4B616FF2} = {027EC8DD-0B9D-43B6-9D58-A9F3F0AD25D2}
		{BFB38370-E840-4854-A49C-8C922BEB743A} = {027EC8DD-0B9D-43B6-9D58-A9F3F0AD25D2}
		{059F3B21-9E0B-4F68-983F-81B8F3F2D6B9} = {DECD331B-38D7-4085-AD67-499044FF8796}
		{33544CF8-F2EA-490C-84D6-B30785D7D831} = {027EC8DD-0B9D-43B6-9D58-A9F3F0AD25D2}
		{CA0ED41C-6F83-4F31-B506-C68E721279B8} = {DECD331B-38D7-4085-AD67-499044FF8796}
		{796E672C-2AA5-448E-A037-DCC252897C93} = {027EC8DD-0B9D-43B6-9D58-A9F3F0AD25D2}
		{83141970-E8F4-4F08-89BD-45A3BB6BCB40} = {DECD331B-38D7-4085-AD67-499044FF8796}
		{93680F82-5407-4F7B-B2AE-F2DBE3B18A0E} = {027EC8DD-0B9D-43B6-9D58-A9F3F0AD25D2}
		{9FD17D1B-CBAC-4C53-B3FC-F893AD574E8F} = {DECD331B-38D7-4085-AD67-499044FF8796}
		{5A4D41D5-21AE-49ED-81B1-F46C809B9ABE} = {DECD331B-38D7-4085-AD67-499044FF8796}
	EndGlobalSection
	GlobalSection(ExtensibilityGlobals) = postSolution
		SolutionGuid = {53A60A8F-1215-47B0-BC04-A22F9783E45D}
	EndGlobalSection
EndGlobal
